Microsoft Visual Studio Solution File, Format Version 11.00
# Visual Studio 2010
Project("{FAE04EC0-301F-11D3-BF4B-00C04F79EFBC}") = "Example", "Example.csproj", "{B345F787-CFFC-4135-B0C8-243CFD90BF47}"
EndProject
Global
	GlobalSection(SolutionConfigurationPlatforms) = preSolution
		Debug|Any CPU = Debug|Any CPU
		Release|Any CPU = Release|Any CPU
	EndGlobalSection
	GlobalSection(ProjectConfigurationPlatforms) = postSolution
		{B345F787-CFFC-4135-B0C8-243CFD90BF47}.Debug|Any CPU.ActiveCfg = Debug|Any CPU
		{B345F787-CFFC-4135-B0C8-243CFD90BF47}.Debug|Any CPU.Build.0 = Debug|Any CPU
		{B345F787-CFFC-4135-B0C8-243CFD90BF47}.Release|Any CPU.ActiveCfg = Release|Any CPU
		{B345F787-CFFC-4135-B0C8-243CFD90BF47}.Release|Any CPU.Build.0 = Release|Any CPU
	EndGlobalSection
	GlobalSection(SolutionProperties) = preSolution
		HideSolutionNode = FALSE
	EndGlobalSection
EndGlobal
